
Microsoft Visual Studio Solution File, Format Version 12.00
# Visual Studio Version 16
VisualStudioVersion = 16.0.31729.503
MinimumVisualStudioVersion = 10.0.40219.1
Project("{FAE04EC0-301F-11D3-BF4B-00C04F79EFBC}") = "Kundenverwaltung_", "Kundenverwaltung_\Kundenverwaltung_.csproj", "{E310F4EC-7709-401B-81A6-E19BECFD639E}"
EndProject
Global
	GlobalSection(SolutionConfigurationPlatforms) = preSolution
		Debug|Any CPU = Debug|Any CPU
		Release|Any CPU = Release|Any CPU
	EndGlobalSection
	GlobalSection(ProjectConfigurationPlatforms) = postSolution
		{E310F4EC-7709-401B-81A6-E19BECFD639E}.Debug|Any CPU.ActiveCfg = Debug|Any CPU
		{E310F4EC-7709-401B-81A6-E19BECFD639E}.Debug|Any CPU.Build.0 = Debug|Any CPU
		{E310F4EC-7709-401B-81A6-E19BECFD639E}.Release|Any CPU.ActiveCfg = Release|Any CPU
		{E310F4EC-7709-401B-81A6-E19BECFD639E}.Release|Any CPU.Build.0 = Release|Any CPU
	EndGlobalSection
	GlobalSection(SolutionProperties) = preSolution
		HideSolutionNode = FALSE
	EndGlobalSection
	GlobalSection(ExtensibilityGlobals) = postSolution
		SolutionGuid = {74F70341-56CC-4C7B-B4D5-25849A9D6846}
	EndGlobalSection
EndGlobal
